
Microsoft Visual Studio Solution File, Format Version 12.00
# Visual Studio Version 16
VisualStudioVersion = 16.0.33423.256
MinimumVisualStudioVersion = 10.0.40219.1
Project("{8BC9CEB8-8B4A-11D0-8D11-00A0C91BC942}") = "ЛБ№5 Завдання 1", "ЛБ№5 Завдання 1.vcxproj", "{DC0073B1-9D9F-4481-8720-E4D5A489B5F5}"
EndProject
Global
	GlobalSection(SolutionConfigurationPlatforms) = preSolution
		Debug|x64 = Debug|x64
		Debug|x86 = Debug|x86
		Release|x64 = Release|x64
		Release|x86 = Release|x86
	EndGlobalSection
	GlobalSection(ProjectConfigurationPlatforms) = postSolution
		{DC0073B1-9D9F-4481-8720-E4D5A489B5F5}.Debug|x64.ActiveCfg = Debug|x64
		{DC0073B1-9D9F-4481-8720-E4D5A489B5F5}.Debug|x64.Build.0 = Debug|x64
		{DC0073B1-9D9F-4481-8720-E4D5A489B5F5}.Debug|x86.ActiveCfg = Debug|Win32
		{DC0073B1-9D9F-4481-8720-E4D5A489B5F5}.Debug|x86.Build.0 = Debug|Win32
		{DC0073B1-9D9F-4481-8720-E4D5A489B5F5}.Release|x64.ActiveCfg = Release|x64
		{DC0073B1-9D9F-4481-8720-E4D5A489B5F5}.Release|x64.Build.0 = Release|x64
		{DC0073B1-9D9F-4481-8720-E4D5A489B5F5}.Release|x86.ActiveCfg = Release|Win32
		{DC0073B1-9D9F-4481-8720-E4D5A489B5F5}.Release|x86.Build.0 = Release|Win32
	EndGlobalSection
	GlobalSection(SolutionProperties) = preSolution
		HideSolutionNode = FALSE
	EndGlobalSection
	GlobalSection(ExtensibilityGlobals) = postSolution
		SolutionGuid = {166F8498-BC06-4E80-AED1-6213D1CE866C}
	EndGlobalSection
EndGlobal
